{
    "version": "0.5",
    "requires": [
        "abseil/20230802.1#f0f91485b111dc9837a68972cb19ca7b",
        "arcus/5.10.0#6f50e0bcb3455e530c9834cfe62f9017",
        "asio-grpc/2.9.2#a44093413738811a2159b761c1bf1039",
        "boost/1.86.0#e140bfd5df95b42d0ff366b41c46d08b",
        "bzip2/1.0.8#00b4a4658791c1f06914e087f0e792f5",
        "c-ares/1.34.5#b78b91e7cfb1f11ce777a285bbf169c6",
        "clipper/6.4.2@ultimaker/stable#95d9dd0b845ba2b4337f9a3fd331fa47",
        "cpython/3.12.2#68cb44d6d7eeb24578b1c942ce16a8cd",
        "ctre/3.7.2#86bd3592feebcdafd2ab7b8a1aad0c80",
        "cura/5.10.3#badeccdb1b0551cf509159e96c1a84ab",
        "cura_binary_data/5.10.3#938ad01c282a7d244bc8f77fc8277d17",
        "cura_resources/5.10.3#d1cf8789e1c9543bbc1a6ae31c269099",
        "curaengine/5.10.3#cd75aac1b20ee439f85d92fef18b7678",
        "curaengine_grpc_definitions/0.3.1#b4a8063639b85fa65e8132cc29872383",
        "dulcificum/5.10.0#d7796f570134346c8cf8a45b2b677d63",
        "expat/2.7.1#b0b67ba910c5147271b444139ca06953",
        "fdm_materials/5.10.3#30aaade3a47ceda55cdb3695991f82d7",
        "fmt/11.1.3#8364f0feb23ee32e4b870455edb552ae",
        "gdbm/1.23#e33e95cba20c006ae47466e2770cd984",
        "grpc/1.54.3#8d094817df26303aa6cb74eaaea622d2",
        "libcap/2.69#7ef2d60864c2e58e89db957be936dc49",
        "libcurl/8.12.1#2343ba0f3bcd5df1e8f6b085b3fe3cf7",
        "libffi/3.4.4#33feb967b22d92ea0becce63bf9d5490",
        "libmount/2.39.2#64850679fa9d5ead878e5076b0cab2a8",
        "libselinux/3.6#5a78ff6ae5034eeaac8da723361a8ce4",
        "libsystemd/255.10#0552f8de4d3eeaaefd87f6677dfbce1f",
        "libxcrypt/4.4.36#4b4e8f20794f1997dd59eeed0b7cdcfb",
        "lz4/1.9.4#4ed63aa8e019d795cd3b8c0d2dd66cda",
        "mapbox-geometry/2.0.3#1560d81c6cd8ea159ecbb748bf8b6090",
        "mapbox-variant/1.2.0#e0533cc4c1625d48a0238760e6c85e35",
        "mapbox-wagyu/0.5.0@ultimaker/stable#e6cb299485b686893e07209fea6d5a0b",
        "mpdecimal/2.5.0#4e67f881cf85c2df1095f7abd756b12f",
        "mpdecimal/2.5.1#cad87046d76460b8e2fc159194e50e7e",
        "neargye-semver/0.3.0#799b2e371d5be985a073214e029ea6cd",
        "nest2d/5.10.0#6f430e9fa21c308e0e6234649a6116ed",
        "nlohmann_json/3.11.2#1ded6ae5d200a68ac17c51d528b945e2",
        "nlopt/2.7.1#61296485856e44d13b39346ef54325f1",
        "openssl/3.5.1#7884fb47cae4130ac03814e53e3c7167",
        "pcre2/10.42#9a35f5089feb875ec61a38eca364ce77",
        "protobuf/3.21.12#d927114e28de9f4691a6bbcdd9a529d1",
        "pugixml/1.14#c6afdcf73d71858303d8260b0d76ff91",
        "pyarcus/5.10.0#45dd0835e9e65d080faa27e5669a957f",
        "pybind11/2.11.1#9ac24fa2b6323656659eaf4e44fb7e0b",
        "pynest2d/5.10.0#ff5d39339d68c1cb296f83563e3eeacd",
        "pysavitar/5.10.0#1b0d584c7bc26f91114cd0fa5cfebc65",
        "range-v3/0.12.0#4c05d91d7b40e6b91b44b5345ac64408",
        "rapidjson/cci.20230929#8dc0392af2b3aaea7312095f0ba53467",
        "re2/20230301#dfd6e2bf050eb90ddd8729cfb4c844a4",
        "savitar/5.10.0#67e08306b4e73b34ba39f0b447a6666d",
        "scripta/1.1.0-alpha.0+b96045@ultimaker/testing#3786da67f9aa951719291aaab18d0785",
        "sentry-native/0.7.15#fa839e8362a9095abe09d1e197df06c4",
        "spdlog/1.15.1#92e99f07f134481bce4b70c1a41060e7",
        "sqlite3/3.45.2#60f2d3278e7bc12c8ef02ac75119c137",
        "stb/cci.20230920#ed79bd361e974a99137f214efb117eef",
        "uranium/5.10.3#9bed1f21bf9c83f5145628da00855a4c",
        "util-linux-libuuid/2.39.2#637bd312b6310c18190469fae4e1d480",
        "xz_utils/5.4.5#b885d1d79c9d30cff3803f7f551dbe66",
        "zlib/1.3.1#b8bc2603263cf7eccbd6e17e66b0ed76",
        "zstd/1.5.5#8400bcba21d1b495dca55edf3f065246",
        "sipbuildtool/0.3.0#649d286d2cc76dfb7030e30275c36e29",
        "standardprojectsettings/0.2.0#af70631ee980187032a76e136b293365",
        "standardprojectsettings/0.2.0@ultimaker/stable#af70631ee980187032a76e136b293365",
        "gtest/1.14.0#f8f0757a574a8dd747d16af62d6eb1b7%1743410807.169"
    ],
    "build_requires": [
        "autoconf/2.71#51077f068e61700d65bb05541ea1e4b0",
        "automake/1.16.5#058bda3e21c36c9aa8425daf3c1faf50",
        "bison/3.8.2#ed1ba0c42d2ab7ab64fc3a62e9ecc673",
        "cmake/3.31.8#dde3bde00bb843687e55aea5afa0e220",
        "flex/2.6.4#e35bc44b3fcbcd661e0af0dc5b5b1ad4",
        "gettext/0.22.5#a1f31cc77dee0345699745ef39686dd0",
        "gnu-config/cci.20210814#69fde734e1a46fd1655b4af46ab40945",
        "gperf/3.1#1d622ad9717e9348ed3685c9994ad0b9",
        "libiconv/1.17#1e65319e945f2d31941a9d28cc13c058",
        "libtool/2.4.7#a182d7ce8d4c346a19dbd4a5d532ef68",
        "m4/1.4.19#b38ced39a01e31fef5435bc634461fd2",
        "meson/1.2.2#21b73818ba96d9eea465b310b5bbc993",
        "meson/1.4.0#2262941cc8fbb0099dd0c196ca2a6c01",
        "nasm/2.16.01#31e26f2ee3c4346ecd347911bd126904",
        "msys2/cci.latest#5b73b10144f73cc5bfe0572ed9be39e1",
        "ninja/1.13.1#294f8721dbcde145674f7ba44994700e",
        "pkgconf/2.1.0#27f44583701117b571307cf5b5fe5605",
        "pkgconf/2.2.0#6462942a22803086372db44689ba825f",
        "protobuf/3.21.12#d927114e28de9f4691a6bbcdd9a529d1",
        "strawberryperl/5.32.1.1#8d114504d172cfea8ea1662d09b6333e",
        "zlib/1.3.1#b8bc2603263cf7eccbd6e17e66b0ed76"
    ],
    "python_requires": [
        "npmpackage/1.1.0#4ee756f0e6532594bc38577aab07344a",
        "pyprojecttoolchain/0.2.0#d0d0d74876a9061a767bb2153c7952e3",
        "sentrylibrary/1.0.0#004cb2aaa533fb28697dd9a302d652e8",
        "sipbuildtool/0.3.0#262477bdb72ff6a09737695673de2b62",
        "translationextractor/2.3.0#d504876a4742c1b92bcd6e1d5ba7509a"
    ],
    "overrides": {
        "grpc/1.67.1": [
            "grpc/1.54.3"
        ],
        "libsystemd/255": [
            "libsystemd/255.10"
        ]
    },
    "config_requires": []
}
