{
    "version": "0.5",
    "requires": [
        "abseil/20230802.1#8e0451147dc3558dc172071c15768160",
        "arcus/5.11.0#4c44446b0851a944fc0353d6f9639600",
        "asio-grpc/2.9.2#a44093413738811a2159b761c1bf1039",
        "boost/1.86.0#0675eb54da69d8eed264eb22203a7117",
        "bzip2/1.0.8#00b4a4658791c1f06914e087f0e792f5",
        "c-ares/1.34.5#b78b91e7cfb1f11ce777a285bbf169c6",
        "clipper/6.4.2@ultimaker/stable#95d9dd0b845ba2b4337f9a3fd331fa47",
        "cpython/3.12.2#68cb44d6d7eeb24578b1c942ce16a8cd",
        "ctre/3.7.2#86bd3592feebcdafd2ab7b8a1aad0c80",
        "cura/5.11.0#eaa1c30b61fec0b9663a16b944ae0eca",
        "cura_binary_data/5.11.0#0aef32f49455fab0ed84caf64ccd55d3",
        "cura_resources/5.11.0#104bbca578ab1645296d287b9b6189ee",
        "curaengine/5.11.0#c5f5c9a851ed6d10910932b52b1c2c6b",
        "curaengine_grpc_definitions/0.3.2#cdc425f28fb3435f2f013f8490ba357d",
        "dulcificum/5.10.0#b8cb3a09d64d4468ead37e0af1491a67",
        "expat/2.7.3#f529802a90f0758a01f498a18f8c657b",
        "fdm_materials/5.11.0#cc753e6dbc80adf433a2098c9c24c22d",
        "fmt/11.1.3#8364f0feb23ee32e4b870455edb552ae",
        "gdbm/1.23#e33e95cba20c006ae47466e2770cd984",
        "grpc/1.54.3#130ee6998c3e63a1d08018f85d4c18f9",
        "hwloc/2.9.3#11acb96cf1e611d293bf90172fadff7d",
        "libcap/2.69#7ef2d60864c2e58e89db957be936dc49",
        "libcurl/8.16.0#25c3bfc08d7e6a9aa4564a0fd20e9a21",
        "libffi/3.4.4#33feb967b22d92ea0becce63bf9d5490",
        "libmount/2.39.2#64850679fa9d5ead878e5076b0cab2a8",
        "libpng/1.6.48#dd0fc04a42b9a23bce065545a81d4847",
        "libselinux/3.6#5a78ff6ae5034eeaac8da723361a8ce4",
        "libsystemd/255.10#0552f8de4d3eeaaefd87f6677dfbce1f",
        "libxcrypt/4.4.36#4b4e8f20794f1997dd59eeed0b7cdcfb",
        "lz4/1.9.4#4ed63aa8e019d795cd3b8c0d2dd66cda",
        "mapbox-geometry/2.0.3#1560d81c6cd8ea159ecbb748bf8b6090",
        "mapbox-variant/1.2.0#e0533cc4c1625d48a0238760e6c85e35",
        "mapbox-wagyu/0.5.0@ultimaker/stable#e6cb299485b686893e07209fea6d5a0b",
        "mpdecimal/2.5.0#4e67f881cf85c2df1095f7abd756b12f",
        "mpdecimal/2.5.1#cad87046d76460b8e2fc159194e50e7e",
        "neargye-semver/0.3.0#799b2e371d5be985a073214e029ea6cd",
        "nest2d/5.10.0#6f430e9fa21c308e0e6234649a6116ed",
        "nlohmann_json/3.11.2#1ded6ae5d200a68ac17c51d528b945e2",
        "nlopt/2.7.1#61296485856e44d13b39346ef54325f1",
        "onetbb/2022.2.0#c46933bfdedba8347b631aa6fc9878cf",
        "openssl/3.6.0#edf7648e96cca0d688e4ab1a84eafc67",
        "pcre2/10.42#9a35f5089feb875ec61a38eca364ce77",
        "protobuf/3.21.12#44ee56c0a6eea0c19aeeaca680370b88",
        "pugixml/1.14#c6afdcf73d71858303d8260b0d76ff91",
        "pyarcus/5.11.0#77e42f15ee2372158dc7a4743bf8da46",
        "pybind11/2.11.1#9ac24fa2b6323656659eaf4e44fb7e0b",
        "pynest2d/5.10.0#ff5d39339d68c1cb296f83563e3eeacd",
        "pysavitar/5.11.0-alpha.0#1554a8b1c2e50e450ea510bb39ff83ee",
        "range-v3/0.12.0#4c05d91d7b40e6b91b44b5345ac64408",
        "rapidjson/cci.20230929#8dc0392af2b3aaea7312095f0ba53467",
        "re2/20230301#dfd6e2bf050eb90ddd8729cfb4c844a4",
        "savitar/5.11.0-alpha.0#15670dd1d301b80510ed0f80b1b8b793",
        "scripta/1.1.0-alpha.0+b96045@ultimaker/testing#3786da67f9aa951719291aaab18d0785",
        "sentry-native/0.7.15#fa839e8362a9095abe09d1e197df06c4",
        "sipbuildtool/0.3.0#649d286d2cc76dfb7030e30275c36e29",
        "spdlog/1.15.1#92e99f07f134481bce4b70c1a41060e7",
        "sqlite3/3.45.2#60f2d3278e7bc12c8ef02ac75119c137",
        "standardprojectsettings/0.2.0#af70631ee980187032a76e136b293365",
        "standardprojectsettings/0.2.0@ultimaker/stable#af70631ee980187032a76e136b293365",
        "stb/cci.20230920#ed79bd361e974a99137f214efb117eef",
        "uranium/5.11.0#464e317655f3ccb4fedf5beee97c3f0a",
        "util-linux-libuuid/2.39.2#637bd312b6310c18190469fae4e1d480",
        "uvula/1.0.0#a942cb1cf02bf0ba1690fbdd48cf4ec8",
        "xz_utils/5.4.5#b885d1d79c9d30cff3803f7f551dbe66",
        "zlib/1.3.1#b8bc2603263cf7eccbd6e17e66b0ed76",
        "zstd/1.5.5#a4398ab5244b10fb081eeac217b5ef9f"
    ],
    "build_requires": [
        "autoconf/2.71#51077f068e61700d65bb05541ea1e4b0",
        "automake/1.16.5#b91b7c384c3deaa9d535be02da14d04f",
        "bison/3.8.2#c3490cbe0078b6fd3eb4cf5ed64144dc",
        "cmake/3.31.9#2032c6471fe4f5a3e17f65fed518d545",
        "flex/2.6.4#e5cd857e69595b17f7599ba56be7dad2",
        "gettext/0.22.5#4705a1582f4a611eadb15d0417427993",
        "gnu-config/cci.20210814#69fde734e1a46fd1655b4af46ab40945",
        "gperf/3.1#a7afdf8f7cccdc2dcd4d962370c33d4f",
        "libiconv/1.17#1e65319e945f2d31941a9d28cc13c058",
        "libtool/2.4.7#14e7739cc128bc1623d2ed318008e47e",
        "m4/1.4.19#b38ced39a01e31fef5435bc634461fd2",
        "meson/1.4.0#2262941cc8fbb0099dd0c196ca2a6c01",
        "meson/1.9.1#abbc783cd297bedce14581b4aec060b8",
        "msys2/cci.latest#5b73b10144f73cc5bfe0572ed9be39e1",
        "nasm/2.16.01#31e26f2ee3c4346ecd347911bd126904",
        "ninja/1.13.1#294f8721dbcde145674f7ba44994700e",
        "pkgconf/2.1.0#21f96520faf7660b99f872e956d2ac13",
        "pkgconf/2.2.0#4ac315b50ef734072b00ff3aacbf52bf",
        "protobuf/3.21.12#44ee56c0a6eea0c19aeeaca680370b88",
        "strawberryperl/5.32.1.1#8d114504d172cfea8ea1662d09b6333e",
        "zlib/1.3.1#b8bc2603263cf7eccbd6e17e66b0ed76"
    ],
    "python_requires": [
        "npmpackage/1.1.0#4ee756f0e6532594bc38577aab07344a",
        "pyprojecttoolchain/0.2.0#d0d0d74876a9061a767bb2153c7952e3",
        "sentrylibrary/1.0.0#80f970036039d869c5c833efaa73ed40",
        "sipbuildtool/0.3.0#649d286d2cc76dfb7030e30275c36e29",
        "translationextractor/2.3.0#d504876a4742c1b92bcd6e1d5ba7509a"
    ],
    "overrides": {
        "grpc/1.67.1": [
            "grpc/1.54.3"
        ],
        "libsystemd/255": [
            "libsystemd/255.10"
        ],
        "libcurl/[>=7.78.0 <9]": [
            "libcurl/8.16.0#25c3bfc08d7e6a9aa4564a0fd20e9a21"
        ]
    },
    "config_requires": []
}
